
Microsoft Visual Studio Solution File, Format Version 12.00
# Visual Studio Version 17
VisualStudioVersion = 17.1.32421.90
MinimumVisualStudioVersion = 10.0.40219.1
Project("{FAE04EC0-301F-11D3-BF4B-00C04F79EFBC}") = "fesserhack", "fesserhack\fesserhack.csproj", "{CC99A8AE-FC15-4835-B030-CE1D78C1B808}"
EndProject
Global
	GlobalSection(SolutionConfigurationPlatforms) = preSolution
		Debug|Any CPU = Debug|Any CPU
		Release|Any CPU = Release|Any CPU
	EndGlobalSection
	GlobalSection(ProjectConfigurationPlatforms) = postSolution
		{CC99A8AE-FC15-4835-B030-CE1D78C1B808}.Debug|Any CPU.ActiveCfg = Debug|Any CPU
		{CC99A8AE-FC15-4835-B030-CE1D78C1B808}.Debug|Any CPU.Build.0 = Debug|Any CPU
		{CC99A8AE-FC15-4835-B030-CE1D78C1B808}.Release|Any CPU.ActiveCfg = Release|Any CPU
		{CC99A8AE-FC15-4835-B030-CE1D78C1B808}.Release|Any CPU.Build.0 = Release|Any CPU
	EndGlobalSection
	GlobalSection(SolutionProperties) = preSolution
		HideSolutionNode = FALSE
	EndGlobalSection
	GlobalSection(ExtensibilityGlobals) = postSolution
		SolutionGuid = {E1616D0E-EC31-4916-B08F-701883EBC34C}
	EndGlobalSection
EndGlobal
